// !$*UTF8*$!
{
	archiveVersion = 1;
	classes = {
	};
	objectVersion = 56;
	objects = {

/* Begin PBXBuildFile section */
		E5F559E12B52ACA90092D819 /* SnackSwiftApp.swift in Sources */ = {isa = PBXBuildFile; fileRef = E5F559E02B52ACA90092D819 /* SnackSwiftApp.swift */; };
		E5F559E32B52ACA90092D819 /* SnackSwiftTabView.swift in Sources */ = {isa = PBXBuildFile; fileRef = E5F559E22B52ACA90092D819 /* SnackSwiftTabView.swift */; };
		E5F559E52B52ACAB0092D819 /* Assets.xcassets in Resources */ = {isa = PBXBuildFile; fileRef = E5F559E42B52ACAB0092D819 /* Assets.xcassets */; };
		E5F559E82B52ACAB0092D819 /* Preview Assets.xcassets in Resources */ = {isa = PBXBuildFile; fileRef = E5F559E72B52ACAB0092D819 /* Preview Assets.xcassets */; };
		E5F559EF2B52ADB30092D819 /* AppetizerListView.swift in Sources */ = {isa = PBXBuildFile; fileRef = E5F559EE2B52ADB30092D819 /* AppetizerListView.swift */; };
		E5F559F12B52ADC20092D819 /* AccountView.swift in Sources */ = {isa = PBXBuildFile; fileRef = E5F559F02B52ADC20092D819 /* AccountView.swift */; };
		E5F559F32B52ADD70092D819 /* OrderView.swift in Sources */ = {isa = PBXBuildFile; fileRef = E5F559F22B52ADD70092D819 /* OrderView.swift */; };
		E5F559F62B52CE470092D819 /* Appetizer.swift in Sources */ = {isa = PBXBuildFile; fileRef = E5F559F52B52CE460092D819 /* Appetizer.swift */; };
		E5F559FB2B5335000092D819 /* AppetizerCellView.swift in Sources */ = {isa = PBXBuildFile; fileRef = E5F559FA2B5335000092D819 /* AppetizerCellView.swift */; };
		E5F559FF2B53F8F20092D819 /* NetworkManager.swift in Sources */ = {isa = PBXBuildFile; fileRef = E5F559FE2B53F8F20092D819 /* NetworkManager.swift */; };
		E5F55A012B5466240092D819 /* APerror.swift in Sources */ = {isa = PBXBuildFile; fileRef = E5F55A002B5466240092D819 /* APerror.swift */; };
		E5F55A042B546CF20092D819 /* AppetizerListViewModel.swift in Sources */ = {isa = PBXBuildFile; fileRef = E5F55A032B546CF20092D819 /* AppetizerListViewModel.swift */; };
		E5F55A072B54939C0092D819 /* AlertItem.swift in Sources */ = {isa = PBXBuildFile; fileRef = E5F55A062B54939C0092D819 /* AlertItem.swift */; };
		E5F55A092B54A9E30092D819 /* RemoteImage.swift in Sources */ = {isa = PBXBuildFile; fileRef = E5F55A082B54A9E30092D819 /* RemoteImage.swift */; };
		E5F55A0C2B55EFFF0092D819 /* AppetizerDetailedView.swift in Sources */ = {isa = PBXBuildFile; fileRef = E5F55A0B2B55EFFF0092D819 /* AppetizerDetailedView.swift */; };
		E5F55A0E2B55F44F0092D819 /* Extentions.swift in Sources */ = {isa = PBXBuildFile; fileRef = E5F55A0D2B55F44F0092D819 /* Extentions.swift */; };
		E5F55A112B57E73E0092D819 /* AccountViewModel.swift in Sources */ = {isa = PBXBuildFile; fileRef = E5F55A102B57E73E0092D819 /* AccountViewModel.swift */; };
		E5F55A152B5A8E440092D819 /* User.swift in Sources */ = {isa = PBXBuildFile; fileRef = E5F55A142B5A8E440092D819 /* User.swift */; };
/* End PBXBuildFile section */

/* Begin PBXFileReference section */
		E5F559DD2B52ACA90092D819 /* SnackSwift.app */ = {isa = PBXFileReference; explicitFileType = wrapper.application; includeInIndex = 0; path = SnackSwift.app; sourceTree = BUILT_PRODUCTS_DIR; };
		E5F559E02B52ACA90092D819 /* SnackSwiftApp.swift */ = {isa = PBXFileReference; lastKnownFileType = sourcecode.swift; path = SnackSwiftApp.swift; sourceTree = "<group>"; };
		E5F559E22B52ACA90092D819 /* SnackSwiftTabView.swift */ = {isa = PBXFileReference; lastKnownFileType = sourcecode.swift; path = SnackSwiftTabView.swift; sourceTree = "<group>"; };
		E5F559E42B52ACAB0092D819 /* Assets.xcassets */ = {isa = PBXFileReference; lastKnownFileType = folder.assetcatalog; path = Assets.xcassets; sourceTree = "<group>"; };
		E5F559E72B52ACAB0092D819 /* Preview Assets.xcassets */ = {isa = PBXFileReference; lastKnownFileType = folder.assetcatalog; path = "Preview Assets.xcassets"; sourceTree = "<group>"; };
		E5F559EE2B52ADB30092D819 /* AppetizerListView.swift */ = {isa = PBXFileReference; lastKnownFileType = sourcecode.swift; path = AppetizerListView.swift; sourceTree = "<group>"; };
		E5F559F02B52ADC20092D819 /* AccountView.swift */ = {isa = PBXFileReference; lastKnownFileType = sourcecode.swift; path = AccountView.swift; sourceTree = "<group>"; };
		E5F559F22B52ADD70092D819 /* OrderView.swift */ = {isa = PBXFileReference; lastKnownFileType = sourcecode.swift; path = OrderView.swift; sourceTree = "<group>"; };
		E5F559F52B52CE460092D819 /* Appetizer.swift */ = {isa = PBXFileReference; lastKnownFileType = sourcecode.swift; path = Appetizer.swift; sourceTree = "<group>"; };
		E5F559FA2B5335000092D819 /* AppetizerCellView.swift */ = {isa = PBXFileReference; lastKnownFileType = sourcecode.swift; name = AppetizerCellView.swift; path = SnackSwift/Models/AppetizerCellView.swift; sourceTree = SOURCE_ROOT; };
		E5F559FE2B53F8F20092D819 /* NetworkManager.swift */ = {isa = PBXFileReference; lastKnownFileType = sourcecode.swift; path = NetworkManager.swift; sourceTree = "<group>"; };
		E5F55A002B5466240092D819 /* APerror.swift */ = {isa = PBXFileReference; lastKnownFileType = sourcecode.swift; path = APerror.swift; sourceTree = "<group>"; };
		E5F55A032B546CF20092D819 /* AppetizerListViewModel.swift */ = {isa = PBXFileReference; lastKnownFileType = sourcecode.swift; path = AppetizerListViewModel.swift; sourceTree = "<group>"; };
		E5F55A062B54939C0092D819 /* AlertItem.swift */ = {isa = PBXFileReference; lastKnownFileType = sourcecode.swift; path = AlertItem.swift; sourceTree = "<group>"; };
		E5F55A082B54A9E30092D819 /* RemoteImage.swift */ = {isa = PBXFileReference; lastKnownFileType = sourcecode.swift; path = RemoteImage.swift; sourceTree = "<group>"; };
		E5F55A0B2B55EFFF0092D819 /* AppetizerDetailedView.swift */ = {isa = PBXFileReference; lastKnownFileType = sourcecode.swift; path = AppetizerDetailedView.swift; sourceTree = "<group>"; };
		E5F55A0D2B55F44F0092D819 /* Extentions.swift */ = {isa = PBXFileReference; lastKnownFileType = sourcecode.swift; path = Extentions.swift; sourceTree = "<group>"; };
		E5F55A102B57E73E0092D819 /* AccountViewModel.swift */ = {isa = PBXFileReference; lastKnownFileType = sourcecode.swift; path = AccountViewModel.swift; sourceTree = "<group>"; };
		E5F55A142B5A8E440092D819 /* User.swift */ = {isa = PBXFileReference; lastKnownFileType = sourcecode.swift; path = User.swift; sourceTree = "<group>"; };
/* End PBXFileReference section */

/* Begin PBXFrameworksBuildPhase section */
		E5F559DA2B52ACA90092D819 /* Frameworks */ = {
			isa = PBXFrameworksBuildPhase;
			buildActionMask = 2147483647;
			files = (
			);
			runOnlyForDeploymentPostprocessing = 0;
		};
/* End PBXFrameworksBuildPhase section */

/* Begin PBXGroup section */
		E5F559D42B52ACA90092D819 = {
			isa = PBXGroup;
			children = (
				E5F559DF2B52ACA90092D819 /* SnackSwift */,
				E5F559DE2B52ACA90092D819 /* Products */,
			);
			sourceTree = "<group>";
		};
		E5F559DE2B52ACA90092D819 /* Products */ = {
			isa = PBXGroup;
			children = (
				E5F559DD2B52ACA90092D819 /* SnackSwift.app */,
			);
			name = Products;
			sourceTree = "<group>";
		};
		E5F559DF2B52ACA90092D819 /* SnackSwift */ = {
			isa = PBXGroup;
			children = (
				E5F559FD2B53F8D90092D819 /* Utilities */,
				E5F559F72B53345E0092D819 /* Views */,
				E5F559F42B52CE2F0092D819 /* Models */,
				E5F559E02B52ACA90092D819 /* SnackSwiftApp.swift */,
				E5F559E22B52ACA90092D819 /* SnackSwiftTabView.swift */,
				E5F559E42B52ACAB0092D819 /* Assets.xcassets */,
				E5F559E62B52ACAB0092D819 /* Preview Content */,
				E5F559F22B52ADD70092D819 /* OrderView.swift */,
			);
			path = SnackSwift;
			sourceTree = "<group>";
		};
		E5F559E62B52ACAB0092D819 /* Preview Content */ = {
			isa = PBXGroup;
			children = (
				E5F559E72B52ACAB0092D819 /* Preview Assets.xcassets */,
			);
			path = "Preview Content";
			sourceTree = "<group>";
		};
		E5F559F42B52CE2F0092D819 /* Models */ = {
			isa = PBXGroup;
			children = (
				E5F559F52B52CE460092D819 /* Appetizer.swift */,
				E5F55A142B5A8E440092D819 /* User.swift */,
			);
			path = Models;
			sourceTree = "<group>";
		};
		E5F559F72B53345E0092D819 /* Views */ = {
			isa = PBXGroup;
			children = (
				E5F55A0F2B57E6FC0092D819 /* Account */,
				E5F55A0A2B55EFB90092D819 /* AppetizerDetailedView */,
				E5F55A022B546CD00092D819 /* AppetizerList */,
				E5F559F92B5334DE0092D819 /* component */,
			);
			path = Views;
			sourceTree = "<group>";
		};
		E5F559F92B5334DE0092D819 /* component */ = {
			isa = PBXGroup;
			children = (
				E5F559FA2B5335000092D819 /* AppetizerCellView.swift */,
				E5F55A062B54939C0092D819 /* AlertItem.swift */,
				E5F55A082B54A9E30092D819 /* RemoteImage.swift */,
			);
			path = component;
			sourceTree = "<group>";
		};
		E5F559FD2B53F8D90092D819 /* Utilities */ = {
			isa = PBXGroup;
			children = (
				E5F559FE2B53F8F20092D819 /* NetworkManager.swift */,
				E5F55A002B5466240092D819 /* APerror.swift */,
				E5F55A0D2B55F44F0092D819 /* Extentions.swift */,
			);
			path = Utilities;
			sourceTree = "<group>";
		};
		E5F55A022B546CD00092D819 /* AppetizerList */ = {
			isa = PBXGroup;
			children = (
				E5F559EE2B52ADB30092D819 /* AppetizerListView.swift */,
				E5F55A032B546CF20092D819 /* AppetizerListViewModel.swift */,
			);
			path = AppetizerList;
			sourceTree = "<group>";
		};
		E5F55A0A2B55EFB90092D819 /* AppetizerDetailedView */ = {
			isa = PBXGroup;
			children = (
				E5F55A0B2B55EFFF0092D819 /* AppetizerDetailedView.swift */,
			);
			path = AppetizerDetailedView;
			sourceTree = "<group>";
		};
		E5F55A0F2B57E6FC0092D819 /* Account */ = {
			isa = PBXGroup;
			children = (
				E5F559F02B52ADC20092D819 /* AccountView.swift */,
				E5F55A102B57E73E0092D819 /* AccountViewModel.swift */,
			);
			path = Account;
			sourceTree = "<group>";
		};
/* End PBXGroup section */

/* Begin PBXNativeTarget section */
		E5F559DC2B52ACA90092D819 /* SnackSwift */ = {
			isa = PBXNativeTarget;
			buildConfigurationList = E5F559EB2B52ACAB0092D819 /* Build configuration list for PBXNativeTarget "SnackSwift" */;
			buildPhases = (
				E5F559D92B52ACA90092D819 /* Sources */,
				E5F559DA2B52ACA90092D819 /* Frameworks */,
				E5F559DB2B52ACA90092D819 /* Resources */,
			);
			buildRules = (
			);
			dependencies = (
			);
			name = SnackSwift;
			productName = SnackSwift;
			productReference = E5F559DD2B52ACA90092D819 /* SnackSwift.app */;
			productType = "com.apple.product-type.application";
		};
/* End PBXNativeTarget section */

/* Begin PBXProject section */
		E5F559D52B52ACA90092D819 /* Project object */ = {
			isa = PBXProject;
			attributes = {
				BuildIndependentTargetsInParallel = 1;
				LastSwiftUpdateCheck = 1520;
				LastUpgradeCheck = 1520;
				TargetAttributes = {
					E5F559DC2B52ACA90092D819 = {
						CreatedOnToolsVersion = 15.2;
					};
				};
			};
			buildConfigurationList = E5F559D82B52ACA90092D819 /* Build configuration list for PBXProject "SnackSwift" */;
			compatibilityVersion = "Xcode 14.0";
			developmentRegion = en;
			hasScannedForEncodings = 0;
			knownRegions = (
				en,
				Base,
			);
			mainGroup = E5F559D42B52ACA90092D819;
			productRefGroup = E5F559DE2B52ACA90092D819 /* Products */;
			projectDirPath = "";
			projectRoot = "";
			targets = (
				E5F559DC2B52ACA90092D819 /* SnackSwift */,
			);
		};
/* End PBXProject section */

/* Begin PBXResourcesBuildPhase section */
		E5F559DB2B52ACA90092D819 /* Resources */ = {
			isa = PBXResourcesBuildPhase;
			buildActionMask = 2147483647;
			files = (
				E5F559E82B52ACAB0092D819 /* Preview Assets.xcassets in Resources */,
				E5F559E52B52ACAB0092D819 /* Assets.xcassets in Resources */,
			);
			runOnlyForDeploymentPostprocessing = 0;
		};
/* End PBXResourcesBuildPhase section */

/* Begin PBXSourcesBuildPhase section */
		E5F559D92B52ACA90092D819 /* Sources */ = {
			isa = PBXSourcesBuildPhase;
			buildActionMask = 2147483647;
			files = (
				E5F55A072B54939C0092D819 /* AlertItem.swift in Sources */,
				E5F55A112B57E73E0092D819 /* AccountViewModel.swift in Sources */,
				E5F55A012B5466240092D819 /* APerror.swift in Sources */,
				E5F559F62B52CE470092D819 /* Appetizer.swift in Sources */,
				E5F55A152B5A8E440092D819 /* User.swift in Sources */,
				E5F55A092B54A9E30092D819 /* RemoteImage.swift in Sources */,
				E5F559F12B52ADC20092D819 /* AccountView.swift in Sources */,
				E5F55A042B546CF20092D819 /* AppetizerListViewModel.swift in Sources */,
				E5F55A0E2B55F44F0092D819 /* Extentions.swift in Sources */,
				E5F559E32B52ACA90092D819 /* SnackSwiftTabView.swift in Sources */,
				E5F55A0C2B55EFFF0092D819 /* AppetizerDetailedView.swift in Sources */,
				E5F559E12B52ACA90092D819 /* SnackSwiftApp.swift in Sources */,
				E5F559FF2B53F8F20092D819 /* NetworkManager.swift in Sources */,
				E5F559FB2B5335000092D819 /* AppetizerCellView.swift in Sources */,
				E5F559EF2B52ADB30092D819 /* AppetizerListView.swift in Sources */,
				E5F559F32B52ADD70092D819 /* OrderView.swift in Sources */,
			);
			runOnlyForDeploymentPostprocessing = 0;
		};
/* End PBXSourcesBuildPhase section */

/* Begin XCBuildConfiguration section */
		E5F559E92B52ACAB0092D819 /* Debug */ = {
			isa = XCBuildConfiguration;
			buildSettings = {
				ALWAYS_SEARCH_USER_PATHS = NO;
				ASSETCATALOG_COMPILER_GENERATE_SWIFT_ASSET_SYMBOL_EXTENSIONS = YES;
				CLANG_ANALYZER_NONNULL = YES;
				CLANG_ANALYZER_NUMBER_OBJECT_CONVERSION = YES_AGGRESSIVE;
				CLANG_CXX_LANGUAGE_STANDARD = "gnu++20";
				CLANG_ENABLE_MODULES = YES;
				CLANG_ENABLE_OBJC_ARC = YES;
				CLANG_ENABLE_OBJC_WEAK = YES;
				CLANG_WARN_BLOCK_CAPTURE_AUTORELEASING = YES;
				CLANG_WARN_BOOL_CONVERSION = YES;
				CLANG_WARN_COMMA = YES;
				CLANG_WARN_CONSTANT_CONVERSION = YES;
				CLANG_WARN_DEPRECATED_OBJC_IMPLEMENTATIONS = YES;
				CLANG_WARN_DIRECT_OBJC_ISA_USAGE = YES_ERROR;
				CLANG_WARN_DOCUMENTATION_COMMENTS = YES;
				CLANG_WARN_EMPTY_BODY = YES;
				CLANG_WARN_ENUM_CONVERSION = YES;
				CLANG_WARN_INFINITE_RECURSION = YES;
				CLANG_WARN_INT_CONVERSION = YES;
				CLANG_WARN_NON_LITERAL_NULL_CONVERSION = YES;
				CLANG_WARN_OBJC_IMPLICIT_RETAIN_SELF = YES;
				CLANG_WARN_OBJC_LITERAL_CONVERSION = YES;
				CLANG_WARN_OBJC_ROOT_CLASS = YES_ERROR;
				CLANG_WARN_QUOTED_INCLUDE_IN_FRAMEWORK_HEADER = YES;
				CLANG_WARN_RANGE_LOOP_ANALYSIS = YES;
				CLANG_WARN_STRICT_PROTOTYPES = YES;
				CLANG_WARN_SUSPICIOUS_MOVE = YES;
				CLANG_WARN_UNGUARDED_AVAILABILITY = YES_AGGRESSIVE;
				CLANG_WARN_UNREACHABLE_CODE = YES;
				CLANG_WARN__DUPLICATE_METHOD_MATCH = YES;
				COPY_PHASE_STRIP = NO;
				DEBUG_INFORMATION_FORMAT = dwarf;
				ENABLE_STRICT_OBJC_MSGSEND = YES;
				ENABLE_TESTABILITY = YES;
				ENABLE_USER_SCRIPT_SANDBOXING = YES;
				GCC_C_LANGUAGE_STANDARD = gnu17;
				GCC_DYNAMIC_NO_PIC = NO;
				GCC_NO_COMMON_BLOCKS = YES;
				GCC_OPTIMIZATION_LEVEL = 0;
				GCC_PREPROCESSOR_DEFINITIONS = (
					"DEBUG=1",
					"$(inherited)",
				);
				GCC_WARN_64_TO_32_BIT_CONVERSION = YES;
				GCC_WARN_ABOUT_RETURN_TYPE = YES_ERROR;
				GCC_WARN_UNDECLARED_SELECTOR = YES;
				GCC_WARN_UNINITIALIZED_AUTOS = YES_AGGRESSIVE;
				GCC_WARN_UNUSED_FUNCTION = YES;
				GCC_WARN_UNUSED_VARIABLE = YES;
				IPHONEOS_DEPLOYMENT_TARGET = 17.2;
				LOCALIZATION_PREFERS_STRING_CATALOGS = YES;
				MTL_ENABLE_DEBUG_INFO = INCLUDE_SOURCE;
				MTL_FAST_MATH = YES;
				ONLY_ACTIVE_ARCH = YES;
				SDKROOT = iphoneos;
				SWIFT_ACTIVE_COMPILATION_CONDITIONS = "DEBUG $(inherited)";
				SWIFT_OPTIMIZATION_LEVEL = "-Onone";
			};
			name = Debug;
		};
		E5F559EA2B52ACAB0092D819 /* Release */ = {
			isa = XCBuildConfiguration;
			buildSettings = {
				ALWAYS_SEARCH_USER_PATHS = NO;
				ASSETCATALOG_COMPILER_GENERATE_SWIFT_ASSET_SYMBOL_EXTENSIONS = YES;
				CLANG_ANALYZER_NONNULL = YES;
				CLANG_ANALYZER_NUMBER_OBJECT_CONVERSION = YES_AGGRESSIVE;
				CLANG_CXX_LANGUAGE_STANDARD = "gnu++20";
				CLANG_ENABLE_MODULES = YES;
				CLANG_ENABLE_OBJC_ARC = YES;
				CLANG_ENABLE_OBJC_WEAK = YES;
				CLANG_WARN_BLOCK_CAPTURE_AUTORELEASING = YES;
				CLANG_WARN_BOOL_CONVERSION = YES;
				CLANG_WARN_COMMA = YES;
				CLANG_WARN_CONSTANT_CONVERSION = YES;
				CLANG_WARN_DEPRECATED_OBJC_IMPLEMENTATIONS = YES;
				CLANG_WARN_DIRECT_OBJC_ISA_USAGE = YES_ERROR;
				CLANG_WARN_DOCUMENTATION_COMMENTS = YES;
				CLANG_WARN_EMPTY_BODY = YES;
				CLANG_WARN_ENUM_CONVERSION = YES;
				CLANG_WARN_INFINITE_RECURSION = YES;
				CLANG_WARN_INT_CONVERSION = YES;
				CLANG_WARN_NON_LITERAL_NULL_CONVERSION = YES;
				CLANG_WARN_OBJC_IMPLICIT_RETAIN_SELF = YES;
				CLANG_WARN_OBJC_LITERAL_CONVERSION = YES;
				CLANG_WARN_OBJC_ROOT_CLASS = YES_ERROR;
				CLANG_WARN_QUOTED_INCLUDE_IN_FRAMEWORK_HEADER = YES;
				CLANG_WARN_RANGE_LOOP_ANALYSIS = YES;
				CLANG_WARN_STRICT_PROTOTYPES = YES;
				CLANG_WARN_SUSPICIOUS_MOVE = YES;
				CLANG_WARN_UNGUARDED_AVAILABILITY = YES_AGGRESSIVE;
				CLANG_WARN_UNREACHABLE_CODE = YES;
				CLANG_WARN__DUPLICATE_METHOD_MATCH = YES;
				COPY_PHASE_STRIP = NO;
				DEBUG_INFORMATION_FORMAT = "dwarf-with-dsym";
				ENABLE_NS_ASSERTIONS = NO;
				ENABLE_STRICT_OBJC_MSGSEND = YES;
				ENABLE_USER_SCRIPT_SANDBOXING = YES;
				GCC_C_LANGUAGE_STANDARD = gnu17;
				GCC_NO_COMMON_BLOCKS = YES;
				GCC_WARN_64_TO_32_BIT_CONVERSION = YES;
				GCC_WARN_ABOUT_RETURN_TYPE = YES_ERROR;
				GCC_WARN_UNDECLARED_SELECTOR = YES;
				GCC_WARN_UNINITIALIZED_AUTOS = YES_AGGRESSIVE;
				GCC_WARN_UNUSED_FUNCTION = YES;
				GCC_WARN_UNUSED_VARIABLE = YES;
				IPHONEOS_DEPLOYMENT_TARGET = 17.2;
				LOCALIZATION_PREFERS_STRING_CATALOGS = YES;
				MTL_ENABLE_DEBUG_INFO = NO;
				MTL_FAST_MATH = YES;
				SDKROOT = iphoneos;
				SWIFT_COMPILATION_MODE = wholemodule;
				VALIDATE_PRODUCT = YES;
			};
			name = Release;
		};
		E5F559EC2B52ACAB0092D819 /* Debug */ = {
			isa = XCBuildConfiguration;
			buildSettings = {
				ASSETCATALOG_COMPILER_APPICON_NAME = AppIcon;
				ASSETCATALOG_COMPILER_GLOBAL_ACCENT_COLOR_NAME = AccentColor;
				CODE_SIGN_STYLE = Automatic;
				CURRENT_PROJECT_VERSION = 1;
				DEVELOPMENT_ASSET_PATHS = "\"SnackSwift/Preview Content\"";
				DEVELOPMENT_TEAM = 6RX3N6LDB9;
				ENABLE_PREVIEWS = YES;
				GENERATE_INFOPLIST_FILE = YES;
				INFOPLIST_KEY_UIApplicationSceneManifest_Generation = YES;
				INFOPLIST_KEY_UIApplicationSupportsIndirectInputEvents = YES;
				INFOPLIST_KEY_UILaunchScreen_Generation = YES;
				INFOPLIST_KEY_UISupportedInterfaceOrientations_iPad = "UIInterfaceOrientationPortrait UIInterfaceOrientationPortraitUpsideDown UIInterfaceOrientationLandscapeLeft UIInterfaceOrientationLandscapeRight";
				INFOPLIST_KEY_UISupportedInterfaceOrientations_iPhone = "UIInterfaceOrientationPortrait UIInterfaceOrientationLandscapeLeft UIInterfaceOrientationLandscapeRight";
				LD_RUNPATH_SEARCH_PATHS = (
					"$(inherited)",
					"@executable_path/Frameworks",
				);
				MARKETING_VERSION = 1.0;
				PRODUCT_BUNDLE_IDENTIFIER = ca.mayank.SnackSwift;
				PRODUCT_NAME = "$(TARGET_NAME)";
				SWIFT_EMIT_LOC_STRINGS = YES;
				SWIFT_VERSION = 5.0;
				TARGETED_DEVICE_FAMILY = "1,2";
			};
			name = Debug;
		};
		E5F559ED2B52ACAB0092D819 /* Release */ = {
			isa = XCBuildConfiguration;
			buildSettings = {
				ASSETCATALOG_COMPILER_APPICON_NAME = AppIcon;
				ASSETCATALOG_COMPILER_GLOBAL_ACCENT_COLOR_NAME = AccentColor;
				CODE_SIGN_STYLE = Automatic;
				CURRENT_PROJECT_VERSION = 1;
				DEVELOPMENT_ASSET_PATHS = "\"SnackSwift/Preview Content\"";
				DEVELOPMENT_TEAM = 6RX3N6LDB9;
				ENABLE_PREVIEWS = YES;
				GENERATE_INFOPLIST_FILE = YES;
				INFOPLIST_KEY_UIApplicationSceneManifest_Generation = YES;
				INFOPLIST_KEY_UIApplicationSupportsIndirectInputEvents = YES;
				INFOPLIST_KEY_UILaunchScreen_Generation = YES;
				INFOPLIST_KEY_UISupportedInterfaceOrientations_iPad = "UIInterfaceOrientationPortrait UIInterfaceOrientationPortraitUpsideDown UIInterfaceOrientationLandscapeLeft UIInterfaceOrientationLandscapeRight";
				INFOPLIST_KEY_UISupportedInterfaceOrientations_iPhone = "UIInterfaceOrientationPortrait UIInterfaceOrientationLandscapeLeft UIInterfaceOrientationLandscapeRight";
				LD_RUNPATH_SEARCH_PATHS = (
					"$(inherited)",
					"@executable_path/Frameworks",
				);
				MARKETING_VERSION = 1.0;
				PRODUCT_BUNDLE_IDENTIFIER = ca.mayank.SnackSwift;
				PRODUCT_NAME = "$(TARGET_NAME)";
				SWIFT_EMIT_LOC_STRINGS = YES;
				SWIFT_VERSION = 5.0;
				TARGETED_DEVICE_FAMILY = "1,2";
			};
			name = Release;
		};
/* End XCBuildConfiguration section */

/* Begin XCConfigurationList section */
		E5F559D82B52ACA90092D819 /* Build configuration list for PBXProject "SnackSwift" */ = {
			isa = XCConfigurationList;
			buildConfigurations = (
				E5F559E92B52ACAB0092D819 /* Debug */,
				E5F559EA2B52ACAB0092D819 /* Release */,
			);
			defaultConfigurationIsVisible = 0;
			defaultConfigurationName = Release;
		};
		E5F559EB2B52ACAB0092D819 /* Build configuration list for PBXNativeTarget "SnackSwift" */ = {
			isa = XCConfigurationList;
			buildConfigurations = (
				E5F559EC2B52ACAB0092D819 /* Debug */,
				E5F559ED2B52ACAB0092D819 /* Release */,
			);
			defaultConfigurationIsVisible = 0;
			defaultConfigurationName = Release;
		};
/* End XCConfigurationList section */
	};
	rootObject = E5F559D52B52ACA90092D819 /* Project object */;
}
